// !$*UTF8*$!
{
	archiveVersion = 1;
	classes = {
	};
	objectVersion = 50;
	objects = {

/* Begin PBXBuildFile section */
		7513E8B024DC068F00539D14 /* Notes.txt in Resources */ = {isa = PBXBuildFile; fileRef = 7513E8AF24DC068F00539D14 /* Notes.txt */; };
		7513E8B224DC08C000539D14 /* Counter.swift in Sources */ = {isa = PBXBuildFile; fileRef = 7513E8B124DC08C000539D14 /* Counter.swift */; };
		75B2AC2824DC02C700A4E6E3 /* ContentView.swift in Sources */ = {isa = PBXBuildFile; fileRef = 75B2AC2724DC02C700A4E6E3 /* ContentView.swift */; };
		75B2AC2A24DC02C800A4E6E3 /* Assets.xcassets in Resources */ = {isa = PBXBuildFile; fileRef = 75B2AC2924DC02C800A4E6E3 /* Assets.xcassets */; };
		75B2AC2D24DC02C800A4E6E3 /* Preview Assets.xcassets in Resources */ = {isa = PBXBuildFile; fileRef = 75B2AC2C24DC02C800A4E6E3 /* Preview Assets.xcassets */; };
		75B2AC3024DC02C800A4E6E3 /* LaunchScreen.storyboard in Resources */ = {isa = PBXBuildFile; fileRef = 75B2AC2E24DC02C800A4E6E3 /* LaunchScreen.storyboard */; };
		75B2AC3B24DC02C900A4E6E3 /* SwiftUI_MVVMTests.swift in Sources */ = {isa = PBXBuildFile; fileRef = 75B2AC3A24DC02C900A4E6E3 /* SwiftUI_MVVMTests.swift */; };
		75B2AC4624DC02C900A4E6E3 /* SwiftUI_MVVMUITests.swift in Sources */ = {isa = PBXBuildFile; fileRef = 75B2AC4524DC02C900A4E6E3 /* SwiftUI_MVVMUITests.swift */; };
		75B2AC5624DC02DA00A4E6E3 /* CellDetailView.swift in Sources */ = {isa = PBXBuildFile; fileRef = 75B2AC5324DC02DA00A4E6E3 /* CellDetailView.swift */; };
		75B2AC5724DC02DA00A4E6E3 /* CellView.swift in Sources */ = {isa = PBXBuildFile; fileRef = 75B2AC5424DC02DA00A4E6E3 /* CellView.swift */; };
		75B2AC5824DC02DA00A4E6E3 /* CellHeaderView.swift in Sources */ = {isa = PBXBuildFile; fileRef = 75B2AC5524DC02DA00A4E6E3 /* CellHeaderView.swift */; };
		75B2AC5A24DC02E100A4E6E3 /* CarStore.swift in Sources */ = {isa = PBXBuildFile; fileRef = 75B2AC5924DC02E100A4E6E3 /* CarStore.swift */; };
		75B2AC5C24DC02E600A4E6E3 /* Data.swift in Sources */ = {isa = PBXBuildFile; fileRef = 75B2AC5B24DC02E500A4E6E3 /* Data.swift */; };
		F8AB434924DC6E8F00CD4E91 /* AppState.swift in Sources */ = {isa = PBXBuildFile; fileRef = F8AB434824DC6E8F00CD4E91 /* AppState.swift */; };
		F8AB434B24DC711700CD4E91 /* ViewModelStore.swift in Sources */ = {isa = PBXBuildFile; fileRef = F8AB434A24DC711700CD4E91 /* ViewModelStore.swift */; };
		F8AB435024DC71B700CD4E91 /* CellDetailViewModel.swift in Sources */ = {isa = PBXBuildFile; fileRef = F8AB434F24DC71B700CD4E91 /* CellDetailViewModel.swift */; };
		F8AB435424DC724D00CD4E91 /* CellHeaderViewModel.swift in Sources */ = {isa = PBXBuildFile; fileRef = F8AB435324DC724D00CD4E91 /* CellHeaderViewModel.swift */; };
		F8AB435824DC725B00CD4E91 /* CellViewModel.swift in Sources */ = {isa = PBXBuildFile; fileRef = F8AB435724DC725B00CD4E91 /* CellViewModel.swift */; };
		F8AB435C24DC746700CD4E91 /* ViewModel.swift in Sources */ = {isa = PBXBuildFile; fileRef = F8AB435B24DC746700CD4E91 /* ViewModel.swift */; };
		F8AB435E24DC822000CD4E91 /* ViewModelGlobalStore.swift in Sources */ = {isa = PBXBuildFile; fileRef = F8AB435D24DC822000CD4E91 /* ViewModelGlobalStore.swift */; };
/* End PBXBuildFile section */

/* Begin PBXContainerItemProxy section */
		75B2AC3724DC02C900A4E6E3 /* PBXContainerItemProxy */ = {
			isa = PBXContainerItemProxy;
			containerPortal = 75B2AC1824DC02C700A4E6E3 /* Project object */;
			proxyType = 1;
			remoteGlobalIDString = 75B2AC1F24DC02C700A4E6E3;
			remoteInfo = "SwiftUI-MVVM";
		};
		75B2AC4224DC02C900A4E6E3 /* PBXContainerItemProxy */ = {
			isa = PBXContainerItemProxy;
			containerPortal = 75B2AC1824DC02C700A4E6E3 /* Project object */;
			proxyType = 1;
			remoteGlobalIDString = 75B2AC1F24DC02C700A4E6E3;
			remoteInfo = "SwiftUI-MVVM";
		};
/* End PBXContainerItemProxy section */

/* Begin PBXFileReference section */
		7513E8AF24DC068F00539D14 /* Notes.txt */ = {isa = PBXFileReference; lastKnownFileType = text; path = Notes.txt; sourceTree = "<group>"; };
		7513E8B124DC08C000539D14 /* Counter.swift */ = {isa = PBXFileReference; lastKnownFileType = sourcecode.swift; path = Counter.swift; sourceTree = "<group>"; };
		75B2AC2024DC02C700A4E6E3 /* SwiftUI-MVVM.app */ = {isa = PBXFileReference; explicitFileType = wrapper.application; includeInIndex = 0; path = "SwiftUI-MVVM.app"; sourceTree = BUILT_PRODUCTS_DIR; };
		75B2AC2724DC02C700A4E6E3 /* ContentView.swift */ = {isa = PBXFileReference; lastKnownFileType = sourcecode.swift; path = ContentView.swift; sourceTree = "<group>"; };
		75B2AC2924DC02C800A4E6E3 /* Assets.xcassets */ = {isa = PBXFileReference; lastKnownFileType = folder.assetcatalog; path = Assets.xcassets; sourceTree = "<group>"; };
		75B2AC2C24DC02C800A4E6E3 /* Preview Assets.xcassets */ = {isa = PBXFileReference; lastKnownFileType = folder.assetcatalog; path = "Preview Assets.xcassets"; sourceTree = "<group>"; };
		75B2AC2F24DC02C800A4E6E3 /* Base */ = {isa = PBXFileReference; lastKnownFileType = file.storyboard; name = Base; path = Base.lproj/LaunchScreen.storyboard; sourceTree = "<group>"; };
		75B2AC3124DC02C800A4E6E3 /* Info.plist */ = {isa = PBXFileReference; lastKnownFileType = text.plist.xml; path = Info.plist; sourceTree = "<group>"; };
		75B2AC3624DC02C900A4E6E3 /* SwiftUI-MVVMTests.xctest */ = {isa = PBXFileReference; explicitFileType = wrapper.cfbundle; includeInIndex = 0; path = "SwiftUI-MVVMTests.xctest"; sourceTree = BUILT_PRODUCTS_DIR; };
		75B2AC3A24DC02C900A4E6E3 /* SwiftUI_MVVMTests.swift */ = {isa = PBXFileReference; lastKnownFileType = sourcecode.swift; path = SwiftUI_MVVMTests.swift; sourceTree = "<group>"; };
		75B2AC3C24DC02C900A4E6E3 /* Info.plist */ = {isa = PBXFileReference; lastKnownFileType = text.plist.xml; path = Info.plist; sourceTree = "<group>"; };
		75B2AC4124DC02C900A4E6E3 /* SwiftUI-MVVMUITests.xctest */ = {isa = PBXFileReference; explicitFileType = wrapper.cfbundle; includeInIndex = 0; path = "SwiftUI-MVVMUITests.xctest"; sourceTree = BUILT_PRODUCTS_DIR; };
		75B2AC4524DC02C900A4E6E3 /* SwiftUI_MVVMUITests.swift */ = {isa = PBXFileReference; lastKnownFileType = sourcecode.swift; path = SwiftUI_MVVMUITests.swift; sourceTree = "<group>"; };
		75B2AC4724DC02C900A4E6E3 /* Info.plist */ = {isa = PBXFileReference; lastKnownFileType = text.plist.xml; path = Info.plist; sourceTree = "<group>"; };
		75B2AC5324DC02DA00A4E6E3 /* CellDetailView.swift */ = {isa = PBXFileReference; fileEncoding = 4; lastKnownFileType = sourcecode.swift; path = CellDetailView.swift; sourceTree = "<group>"; };
		75B2AC5424DC02DA00A4E6E3 /* CellView.swift */ = {isa = PBXFileReference; fileEncoding = 4; lastKnownFileType = sourcecode.swift; path = CellView.swift; sourceTree = "<group>"; };
		75B2AC5524DC02DA00A4E6E3 /* CellHeaderView.swift */ = {isa = PBXFileReference; fileEncoding = 4; lastKnownFileType = sourcecode.swift; path = CellHeaderView.swift; sourceTree = "<group>"; };
		75B2AC5924DC02E100A4E6E3 /* CarStore.swift */ = {isa = PBXFileReference; fileEncoding = 4; lastKnownFileType = sourcecode.swift; path = CarStore.swift; sourceTree = "<group>"; };
		75B2AC5B24DC02E500A4E6E3 /* Data.swift */ = {isa = PBXFileReference; fileEncoding = 4; lastKnownFileType = sourcecode.swift; path = Data.swift; sourceTree = "<group>"; };
		F8AB434824DC6E8F00CD4E91 /* AppState.swift */ = {isa = PBXFileReference; lastKnownFileType = sourcecode.swift; path = AppState.swift; sourceTree = "<group>"; };
		F8AB434A24DC711700CD4E91 /* ViewModelStore.swift */ = {isa = PBXFileReference; lastKnownFileType = sourcecode.swift; path = ViewModelStore.swift; sourceTree = "<group>"; };
		F8AB434F24DC71B700CD4E91 /* CellDetailViewModel.swift */ = {isa = PBXFileReference; lastKnownFileType = sourcecode.swift; path = CellDetailViewModel.swift; sourceTree = "<group>"; };
		F8AB435324DC724D00CD4E91 /* CellHeaderViewModel.swift */ = {isa = PBXFileReference; lastKnownFileType = sourcecode.swift; path = CellHeaderViewModel.swift; sourceTree = "<group>"; };
		F8AB435724DC725B00CD4E91 /* CellViewModel.swift */ = {isa = PBXFileReference; lastKnownFileType = sourcecode.swift; path = CellViewModel.swift; sourceTree = "<group>"; };
		F8AB435B24DC746700CD4E91 /* ViewModel.swift */ = {isa = PBXFileReference; lastKnownFileType = sourcecode.swift; path = ViewModel.swift; sourceTree = "<group>"; };
		F8AB435D24DC822000CD4E91 /* ViewModelGlobalStore.swift */ = {isa = PBXFileReference; lastKnownFileType = sourcecode.swift; path = ViewModelGlobalStore.swift; sourceTree = "<group>"; };
/* End PBXFileReference section */

/* Begin PBXFrameworksBuildPhase section */
		75B2AC1D24DC02C700A4E6E3 /* Frameworks */ = {
			isa = PBXFrameworksBuildPhase;
			buildActionMask = 2147483647;
			files = (
			);
			runOnlyForDeploymentPostprocessing = 0;
		};
		75B2AC3324DC02C900A4E6E3 /* Frameworks */ = {
			isa = PBXFrameworksBuildPhase;
			buildActionMask = 2147483647;
			files = (
			);
			runOnlyForDeploymentPostprocessing = 0;
		};
		75B2AC3E24DC02C900A4E6E3 /* Frameworks */ = {
			isa = PBXFrameworksBuildPhase;
			buildActionMask = 2147483647;
			files = (
			);
			runOnlyForDeploymentPostprocessing = 0;
		};
/* End PBXFrameworksBuildPhase section */

/* Begin PBXGroup section */
		75B2AC1724DC02C700A4E6E3 = {
			isa = PBXGroup;
			children = (
				7513E8B124DC08C000539D14 /* Counter.swift */,
				7513E8AF24DC068F00539D14 /* Notes.txt */,
				75B2AC2224DC02C700A4E6E3 /* SwiftUI-MVVM */,
				75B2AC3924DC02C900A4E6E3 /* SwiftUI-MVVMTests */,
				75B2AC4424DC02C900A4E6E3 /* SwiftUI-MVVMUITests */,
				75B2AC2124DC02C700A4E6E3 /* Products */,
			);
			sourceTree = "<group>";
		};
		75B2AC2124DC02C700A4E6E3 /* Products */ = {
			isa = PBXGroup;
			children = (
				75B2AC2024DC02C700A4E6E3 /* SwiftUI-MVVM.app */,
				75B2AC3624DC02C900A4E6E3 /* SwiftUI-MVVMTests.xctest */,
				75B2AC4124DC02C900A4E6E3 /* SwiftUI-MVVMUITests.xctest */,
			);
			name = Products;
			sourceTree = "<group>";
		};
		75B2AC2224DC02C700A4E6E3 /* SwiftUI-MVVM */ = {
			isa = PBXGroup;
			children = (
				F8AB434724DC6E8500CD4E91 /* AppState */,
				F822877A24DC64D4000A3CEA /* Views */,
				75B2AC5B24DC02E500A4E6E3 /* Data.swift */,
				75B2AC5924DC02E100A4E6E3 /* CarStore.swift */,
				75B2AC2924DC02C800A4E6E3 /* Assets.xcassets */,
				75B2AC2E24DC02C800A4E6E3 /* LaunchScreen.storyboard */,
				75B2AC3124DC02C800A4E6E3 /* Info.plist */,
				75B2AC2B24DC02C800A4E6E3 /* Preview Content */,
			);
			path = "SwiftUI-MVVM";
			sourceTree = "<group>";
		};
		75B2AC2B24DC02C800A4E6E3 /* Preview Content */ = {
			isa = PBXGroup;
			children = (
				75B2AC2C24DC02C800A4E6E3 /* Preview Assets.xcassets */,
			);
			path = "Preview Content";
			sourceTree = "<group>";
		};
		75B2AC3924DC02C900A4E6E3 /* SwiftUI-MVVMTests */ = {
			isa = PBXGroup;
			children = (
				75B2AC3A24DC02C900A4E6E3 /* SwiftUI_MVVMTests.swift */,
				75B2AC3C24DC02C900A4E6E3 /* Info.plist */,
			);
			path = "SwiftUI-MVVMTests";
			sourceTree = "<group>";
		};
		75B2AC4424DC02C900A4E6E3 /* SwiftUI-MVVMUITests */ = {
			isa = PBXGroup;
			children = (
				75B2AC4524DC02C900A4E6E3 /* SwiftUI_MVVMUITests.swift */,
				75B2AC4724DC02C900A4E6E3 /* Info.plist */,
			);
			path = "SwiftUI-MVVMUITests";
			sourceTree = "<group>";
		};
		F822877A24DC64D4000A3CEA /* Views */ = {
			isa = PBXGroup;
			children = (
				75B2AC2724DC02C700A4E6E3 /* ContentView.swift */,
				F8AB434E24DC71A800CD4E91 /* CellView */,
				F8AB434D24DC71A300CD4E91 /* HeaderView */,
				F8AB434C24DC719B00CD4E91 /* DetailView */,
			);
			path = Views;
			sourceTree = "<group>";
		};
		F8AB434724DC6E8500CD4E91 /* AppState */ = {
			isa = PBXGroup;
			children = (
				F8AB434824DC6E8F00CD4E91 /* AppState.swift */,
				F8AB435B24DC746700CD4E91 /* ViewModel.swift */,
				F8AB434A24DC711700CD4E91 /* ViewModelStore.swift */,
				F8AB435D24DC822000CD4E91 /* ViewModelGlobalStore.swift */,
			);
			path = AppState;
			sourceTree = "<group>";
		};
		F8AB434C24DC719B00CD4E91 /* DetailView */ = {
			isa = PBXGroup;
			children = (
				75B2AC5324DC02DA00A4E6E3 /* CellDetailView.swift */,
				F8AB434F24DC71B700CD4E91 /* CellDetailViewModel.swift */,
			);
			path = DetailView;
			sourceTree = "<group>";
		};
		F8AB434D24DC71A300CD4E91 /* HeaderView */ = {
			isa = PBXGroup;
			children = (
				75B2AC5524DC02DA00A4E6E3 /* CellHeaderView.swift */,
				F8AB435324DC724D00CD4E91 /* CellHeaderViewModel.swift */,
			);
			path = HeaderView;
			sourceTree = "<group>";
		};
		F8AB434E24DC71A800CD4E91 /* CellView */ = {
			isa = PBXGroup;
			children = (
				75B2AC5424DC02DA00A4E6E3 /* CellView.swift */,
				F8AB435724DC725B00CD4E91 /* CellViewModel.swift */,
			);
			path = CellView;
			sourceTree = "<group>";
		};
/* End PBXGroup section */

/* Begin PBXNativeTarget section */
		75B2AC1F24DC02C700A4E6E3 /* SwiftUI-MVVM */ = {
			isa = PBXNativeTarget;
			buildConfigurationList = 75B2AC4A24DC02C900A4E6E3 /* Build configuration list for PBXNativeTarget "SwiftUI-MVVM" */;
			buildPhases = (
				75B2AC1C24DC02C700A4E6E3 /* Sources */,
				75B2AC1D24DC02C700A4E6E3 /* Frameworks */,
				75B2AC1E24DC02C700A4E6E3 /* Resources */,
			);
			buildRules = (
			);
			dependencies = (
			);
			name = "SwiftUI-MVVM";
			productName = "SwiftUI-MVVM";
			productReference = 75B2AC2024DC02C700A4E6E3 /* SwiftUI-MVVM.app */;
			productType = "com.apple.product-type.application";
		};
		75B2AC3524DC02C900A4E6E3 /* SwiftUI-MVVMTests */ = {
			isa = PBXNativeTarget;
			buildConfigurationList = 75B2AC4D24DC02C900A4E6E3 /* Build configuration list for PBXNativeTarget "SwiftUI-MVVMTests" */;
			buildPhases = (
				75B2AC3224DC02C900A4E6E3 /* Sources */,
				75B2AC3324DC02C900A4E6E3 /* Frameworks */,
				75B2AC3424DC02C900A4E6E3 /* Resources */,
			);
			buildRules = (
			);
			dependencies = (
				75B2AC3824DC02C900A4E6E3 /* PBXTargetDependency */,
			);
			name = "SwiftUI-MVVMTests";
			productName = "SwiftUI-MVVMTests";
			productReference = 75B2AC3624DC02C900A4E6E3 /* SwiftUI-MVVMTests.xctest */;
			productType = "com.apple.product-type.bundle.unit-test";
		};
		75B2AC4024DC02C900A4E6E3 /* SwiftUI-MVVMUITests */ = {
			isa = PBXNativeTarget;
			buildConfigurationList = 75B2AC5024DC02C900A4E6E3 /* Build configuration list for PBXNativeTarget "SwiftUI-MVVMUITests" */;
			buildPhases = (
				75B2AC3D24DC02C900A4E6E3 /* Sources */,
				75B2AC3E24DC02C900A4E6E3 /* Frameworks */,
				75B2AC3F24DC02C900A4E6E3 /* Resources */,
			);
			buildRules = (
			);
			dependencies = (
				75B2AC4324DC02C900A4E6E3 /* PBXTargetDependency */,
			);
			name = "SwiftUI-MVVMUITests";
			productName = "SwiftUI-MVVMUITests";
			productReference = 75B2AC4124DC02C900A4E6E3 /* SwiftUI-MVVMUITests.xctest */;
			productType = "com.apple.product-type.bundle.ui-testing";
		};
/* End PBXNativeTarget section */

/* Begin PBXProject section */
		75B2AC1824DC02C700A4E6E3 /* Project object */ = {
			isa = PBXProject;
			attributes = {
				LastSwiftUpdateCheck = 1160;
				LastUpgradeCheck = 1200;
				ORGANIZATIONNAME = "Andrei Solovev";
				TargetAttributes = {
					75B2AC1F24DC02C700A4E6E3 = {
						CreatedOnToolsVersion = 11.6;
					};
					75B2AC3524DC02C900A4E6E3 = {
						CreatedOnToolsVersion = 11.6;
						TestTargetID = 75B2AC1F24DC02C700A4E6E3;
					};
					75B2AC4024DC02C900A4E6E3 = {
						CreatedOnToolsVersion = 11.6;
						TestTargetID = 75B2AC1F24DC02C700A4E6E3;
					};
				};
			};
			buildConfigurationList = 75B2AC1B24DC02C700A4E6E3 /* Build configuration list for PBXProject "SwiftUI-MVVM" */;
			compatibilityVersion = "Xcode 9.3";
			developmentRegion = en;
			hasScannedForEncodings = 0;
			knownRegions = (
				en,
				Base,
			);
			mainGroup = 75B2AC1724DC02C700A4E6E3;
			productRefGroup = 75B2AC2124DC02C700A4E6E3 /* Products */;
			projectDirPath = "";
			projectRoot = "";
			targets = (
				75B2AC1F24DC02C700A4E6E3 /* SwiftUI-MVVM */,
				75B2AC3524DC02C900A4E6E3 /* SwiftUI-MVVMTests */,
				75B2AC4024DC02C900A4E6E3 /* SwiftUI-MVVMUITests */,
			);
		};
/* End PBXProject section */

/* Begin PBXResourcesBuildPhase section */
		75B2AC1E24DC02C700A4E6E3 /* Resources */ = {
			isa = PBXResourcesBuildPhase;
			buildActionMask = 2147483647;
			files = (
				7513E8B024DC068F00539D14 /* Notes.txt in Resources */,
				75B2AC3024DC02C800A4E6E3 /* LaunchScreen.storyboard in Resources */,
				75B2AC2D24DC02C800A4E6E3 /* Preview Assets.xcassets in Resources */,
				75B2AC2A24DC02C800A4E6E3 /* Assets.xcassets in Resources */,
			);
			runOnlyForDeploymentPostprocessing = 0;
		};
		75B2AC3424DC02C900A4E6E3 /* Resources */ = {
			isa = PBXResourcesBuildPhase;
			buildActionMask = 2147483647;
			files = (
			);
			runOnlyForDeploymentPostprocessing = 0;
		};
		75B2AC3F24DC02C900A4E6E3 /* Resources */ = {
			isa = PBXResourcesBuildPhase;
			buildActionMask = 2147483647;
			files = (
			);
			runOnlyForDeploymentPostprocessing = 0;
		};
/* End PBXResourcesBuildPhase section */

/* Begin PBXSourcesBuildPhase section */
		75B2AC1C24DC02C700A4E6E3 /* Sources */ = {
			isa = PBXSourcesBuildPhase;
			buildActionMask = 2147483647;
			files = (
				75B2AC5824DC02DA00A4E6E3 /* CellHeaderView.swift in Sources */,
				F8AB435E24DC822000CD4E91 /* ViewModelGlobalStore.swift in Sources */,
				75B2AC5724DC02DA00A4E6E3 /* CellView.swift in Sources */,
				75B2AC5624DC02DA00A4E6E3 /* CellDetailView.swift in Sources */,
				F8AB434924DC6E8F00CD4E91 /* AppState.swift in Sources */,
				7513E8B224DC08C000539D14 /* Counter.swift in Sources */,
				F8AB435C24DC746700CD4E91 /* ViewModel.swift in Sources */,
				F8AB435424DC724D00CD4E91 /* CellHeaderViewModel.swift in Sources */,
				F8AB435024DC71B700CD4E91 /* CellDetailViewModel.swift in Sources */,
				75B2AC2824DC02C700A4E6E3 /* ContentView.swift in Sources */,
				F8AB435824DC725B00CD4E91 /* CellViewModel.swift in Sources */,
				75B2AC5A24DC02E100A4E6E3 /* CarStore.swift in Sources */,
				F8AB434B24DC711700CD4E91 /* ViewModelStore.swift in Sources */,
				75B2AC5C24DC02E600A4E6E3 /* Data.swift in Sources */,
			);
			runOnlyForDeploymentPostprocessing = 0;
		};
		75B2AC3224DC02C900A4E6E3 /* Sources */ = {
			isa = PBXSourcesBuildPhase;
			buildActionMask = 2147483647;
			files = (
				75B2AC3B24DC02C900A4E6E3 /* SwiftUI_MVVMTests.swift in Sources */,
			);
			runOnlyForDeploymentPostprocessing = 0;
		};
		75B2AC3D24DC02C900A4E6E3 /* Sources */ = {
			isa = PBXSourcesBuildPhase;
			buildActionMask = 2147483647;
			files = (
				75B2AC4624DC02C900A4E6E3 /* SwiftUI_MVVMUITests.swift in Sources */,
			);
			runOnlyForDeploymentPostprocessing = 0;
		};
/* End PBXSourcesBuildPhase section */

/* Begin PBXTargetDependency section */
		75B2AC3824DC02C900A4E6E3 /* PBXTargetDependency */ = {
			isa = PBXTargetDependency;
			target = 75B2AC1F24DC02C700A4E6E3 /* SwiftUI-MVVM */;
			targetProxy = 75B2AC3724DC02C900A4E6E3 /* PBXContainerItemProxy */;
		};
		75B2AC4324DC02C900A4E6E3 /* PBXTargetDependency */ = {
			isa = PBXTargetDependency;
			target = 75B2AC1F24DC02C700A4E6E3 /* SwiftUI-MVVM */;
			targetProxy = 75B2AC4224DC02C900A4E6E3 /* PBXContainerItemProxy */;
		};
/* End PBXTargetDependency section */

/* Begin PBXVariantGroup section */
		75B2AC2E24DC02C800A4E6E3 /* LaunchScreen.storyboard */ = {
			isa = PBXVariantGroup;
			children = (
				75B2AC2F24DC02C800A4E6E3 /* Base */,
			);
			name = LaunchScreen.storyboard;
			sourceTree = "<group>";
		};
/* End PBXVariantGroup section */

/* Begin XCBuildConfiguration section */
		75B2AC4824DC02C900A4E6E3 /* Debug */ = {
			isa = XCBuildConfiguration;
			buildSettings = {
				ALWAYS_SEARCH_USER_PATHS = NO;
				CLANG_ANALYZER_NONNULL = YES;
				CLANG_ANALYZER_NUMBER_OBJECT_CONVERSION = YES_AGGRESSIVE;
				CLANG_CXX_LANGUAGE_STANDARD = "gnu++14";
				CLANG_CXX_LIBRARY = "libc++";
				CLANG_ENABLE_MODULES = YES;
				CLANG_ENABLE_OBJC_ARC = YES;
				CLANG_ENABLE_OBJC_WEAK = YES;
				CLANG_WARN_BLOCK_CAPTURE_AUTORELEASING = YES;
				CLANG_WARN_BOOL_CONVERSION = YES;
				CLANG_WARN_COMMA = YES;
				CLANG_WARN_CONSTANT_CONVERSION = YES;
				CLANG_WARN_DEPRECATED_OBJC_IMPLEMENTATIONS = YES;
				CLANG_WARN_DIRECT_OBJC_ISA_USAGE = YES_ERROR;
				CLANG_WARN_DOCUMENTATION_COMMENTS = YES;
				CLANG_WARN_EMPTY_BODY = YES;
				CLANG_WARN_ENUM_CONVERSION = YES;
				CLANG_WARN_INFINITE_RECURSION = YES;
				CLANG_WARN_INT_CONVERSION = YES;
				CLANG_WARN_NON_LITERAL_NULL_CONVERSION = YES;
				CLANG_WARN_OBJC_IMPLICIT_RETAIN_SELF = YES;
				CLANG_WARN_OBJC_LITERAL_CONVERSION = YES;
				CLANG_WARN_OBJC_ROOT_CLASS = YES_ERROR;
				CLANG_WARN_RANGE_LOOP_ANALYSIS = YES;
				CLANG_WARN_STRICT_PROTOTYPES = YES;
				CLANG_WARN_SUSPICIOUS_MOVE = YES;
				CLANG_WARN_UNGUARDED_AVAILABILITY = YES_AGGRESSIVE;
				CLANG_WARN_UNREACHABLE_CODE = YES;
				CLANG_WARN__DUPLICATE_METHOD_MATCH = YES;
				COPY_PHASE_STRIP = NO;
				DEBUG_INFORMATION_FORMAT = dwarf;
				ENABLE_STRICT_OBJC_MSGSEND = YES;
				ENABLE_TESTABILITY = YES;
				GCC_C_LANGUAGE_STANDARD = gnu11;
				GCC_DYNAMIC_NO_PIC = NO;
				GCC_NO_COMMON_BLOCKS = YES;
				GCC_OPTIMIZATION_LEVEL = 0;
				GCC_PREPROCESSOR_DEFINITIONS = (
					"DEBUG=1",
					"$(inherited)",
				);
				GCC_WARN_64_TO_32_BIT_CONVERSION = YES;
				GCC_WARN_ABOUT_RETURN_TYPE = YES_ERROR;
				GCC_WARN_UNDECLARED_SELECTOR = YES;
				GCC_WARN_UNINITIALIZED_AUTOS = YES_AGGRESSIVE;
				GCC_WARN_UNUSED_FUNCTION = YES;
				GCC_WARN_UNUSED_VARIABLE = YES;
				IPHONEOS_DEPLOYMENT_TARGET = 14.0;
				MTL_ENABLE_DEBUG_INFO = INCLUDE_SOURCE;
				MTL_FAST_MATH = YES;
				ONLY_ACTIVE_ARCH = YES;
				SDKROOT = iphoneos;
				SWIFT_ACTIVE_COMPILATION_CONDITIONS = DEBUG;
				SWIFT_OPTIMIZATION_LEVEL = "-Onone";
			};
			name = Debug;
		};
		75B2AC4924DC02C900A4E6E3 /* Release */ = {
			isa = XCBuildConfiguration;
			buildSettings = {
				ALWAYS_SEARCH_USER_PATHS = NO;
				CLANG_ANALYZER_NONNULL = YES;
				CLANG_ANALYZER_NUMBER_OBJECT_CONVERSION = YES_AGGRESSIVE;
				CLANG_CXX_LANGUAGE_STANDARD = "gnu++14";
				CLANG_CXX_LIBRARY = "libc++";
				CLANG_ENABLE_MODULES = YES;
				CLANG_ENABLE_OBJC_ARC = YES;
				CLANG_ENABLE_OBJC_WEAK = YES;
				CLANG_WARN_BLOCK_CAPTURE_AUTORELEASING = YES;
				CLANG_WARN_BOOL_CONVERSION = YES;
				CLANG_WARN_COMMA = YES;
				CLANG_WARN_CONSTANT_CONVERSION = YES;
				CLANG_WARN_DEPRECATED_OBJC_IMPLEMENTATIONS = YES;
				CLANG_WARN_DIRECT_OBJC_ISA_USAGE = YES_ERROR;
				CLANG_WARN_DOCUMENTATION_COMMENTS = YES;
				CLANG_WARN_EMPTY_BODY = YES;
				CLANG_WARN_ENUM_CONVERSION = YES;
				CLANG_WARN_INFINITE_RECURSION = YES;
				CLANG_WARN_INT_CONVERSION = YES;
				CLANG_WARN_NON_LITERAL_NULL_CONVERSION = YES;
				CLANG_WARN_OBJC_IMPLICIT_RETAIN_SELF = YES;
				CLANG_WARN_OBJC_LITERAL_CONVERSION = YES;
				CLANG_WARN_OBJC_ROOT_CLASS = YES_ERROR;
				CLANG_WARN_RANGE_LOOP_ANALYSIS = YES;
				CLANG_WARN_STRICT_PROTOTYPES = YES;
				CLANG_WARN_SUSPICIOUS_MOVE = YES;
				CLANG_WARN_UNGUARDED_AVAILABILITY = YES_AGGRESSIVE;
				CLANG_WARN_UNREACHABLE_CODE = YES;
				CLANG_WARN__DUPLICATE_METHOD_MATCH = YES;
				COPY_PHASE_STRIP = NO;
				DEBUG_INFORMATION_FORMAT = "dwarf-with-dsym";
				ENABLE_NS_ASSERTIONS = NO;
				ENABLE_STRICT_OBJC_MSGSEND = YES;
				GCC_C_LANGUAGE_STANDARD = gnu11;
				GCC_NO_COMMON_BLOCKS = YES;
				GCC_WARN_64_TO_32_BIT_CONVERSION = YES;
				GCC_WARN_ABOUT_RETURN_TYPE = YES_ERROR;
				GCC_WARN_UNDECLARED_SELECTOR = YES;
				GCC_WARN_UNINITIALIZED_AUTOS = YES_AGGRESSIVE;
				GCC_WARN_UNUSED_FUNCTION = YES;
				GCC_WARN_UNUSED_VARIABLE = YES;
				IPHONEOS_DEPLOYMENT_TARGET = 14.0;
				MTL_ENABLE_DEBUG_INFO = NO;
				MTL_FAST_MATH = YES;
				SDKROOT = iphoneos;
				SWIFT_COMPILATION_MODE = wholemodule;
				SWIFT_OPTIMIZATION_LEVEL = "-O";
				VALIDATE_PRODUCT = YES;
			};
			name = Release;
		};
		75B2AC4B24DC02C900A4E6E3 /* Debug */ = {
			isa = XCBuildConfiguration;
			buildSettings = {
				ASSETCATALOG_COMPILER_APPICON_NAME = AppIcon;
				CODE_SIGN_STYLE = Automatic;
				DEVELOPMENT_ASSET_PATHS = "\"SwiftUI-MVVM/Preview Content\"";
				ENABLE_PREVIEWS = YES;
				INFOPLIST_FILE = "SwiftUI-MVVM/Info.plist";
				IPHONEOS_DEPLOYMENT_TARGET = 14.0;
				LD_RUNPATH_SEARCH_PATHS = (
					"$(inherited)",
					"@executable_path/Frameworks",
				);
				PRODUCT_BUNDLE_IDENTIFIER = "test.SwiftUI-MVVM";
				PRODUCT_NAME = "$(TARGET_NAME)";
				SWIFT_VERSION = 5.0;
				TARGETED_DEVICE_FAMILY = "1,2";
			};
			name = Debug;
		};
		75B2AC4C24DC02C900A4E6E3 /* Release */ = {
			isa = XCBuildConfiguration;
			buildSettings = {
				ASSETCATALOG_COMPILER_APPICON_NAME = AppIcon;
				CODE_SIGN_STYLE = Automatic;
				DEVELOPMENT_ASSET_PATHS = "\"SwiftUI-MVVM/Preview Content\"";
				ENABLE_PREVIEWS = YES;
				INFOPLIST_FILE = "SwiftUI-MVVM/Info.plist";
				IPHONEOS_DEPLOYMENT_TARGET = 14.0;
				LD_RUNPATH_SEARCH_PATHS = (
					"$(inherited)",
					"@executable_path/Frameworks",
				);
				PRODUCT_BUNDLE_IDENTIFIER = "test.SwiftUI-MVVM";
				PRODUCT_NAME = "$(TARGET_NAME)";
				SWIFT_VERSION = 5.0;
				TARGETED_DEVICE_FAMILY = "1,2";
			};
			name = Release;
		};
		75B2AC4E24DC02C900A4E6E3 /* Debug */ = {
			isa = XCBuildConfiguration;
			buildSettings = {
				ALWAYS_EMBED_SWIFT_STANDARD_LIBRARIES = YES;
				BUNDLE_LOADER = "$(TEST_HOST)";
				CODE_SIGN_STYLE = Automatic;
				INFOPLIST_FILE = "SwiftUI-MVVMTests/Info.plist";
				IPHONEOS_DEPLOYMENT_TARGET = 13.6;
				LD_RUNPATH_SEARCH_PATHS = (
					"$(inherited)",
					"@executable_path/Frameworks",
					"@loader_path/Frameworks",
				);
				PRODUCT_BUNDLE_IDENTIFIER = "test.SwiftUI-MVVMTests";
				PRODUCT_NAME = "$(TARGET_NAME)";
				SWIFT_VERSION = 5.0;
				TARGETED_DEVICE_FAMILY = "1,2";
				TEST_HOST = "$(BUILT_PRODUCTS_DIR)/SwiftUI-MVVM.app/SwiftUI-MVVM";
			};
			name = Debug;
		};
		75B2AC4F24DC02C900A4E6E3 /* Release */ = {
			isa = XCBuildConfiguration;
			buildSettings = {
				ALWAYS_EMBED_SWIFT_STANDARD_LIBRARIES = YES;
				BUNDLE_LOADER = "$(TEST_HOST)";
				CODE_SIGN_STYLE = Automatic;
				INFOPLIST_FILE = "SwiftUI-MVVMTests/Info.plist";
				IPHONEOS_DEPLOYMENT_TARGET = 13.6;
				LD_RUNPATH_SEARCH_PATHS = (
					"$(inherited)",
					"@executable_path/Frameworks",
					"@loader_path/Frameworks",
				);
				PRODUCT_BUNDLE_IDENTIFIER = "test.SwiftUI-MVVMTests";
				PRODUCT_NAME = "$(TARGET_NAME)";
				SWIFT_VERSION = 5.0;
				TARGETED_DEVICE_FAMILY = "1,2";
				TEST_HOST = "$(BUILT_PRODUCTS_DIR)/SwiftUI-MVVM.app/SwiftUI-MVVM";
			};
			name = Release;
		};
		75B2AC5124DC02C900A4E6E3 /* Debug */ = {
			isa = XCBuildConfiguration;
			buildSettings = {
				ALWAYS_EMBED_SWIFT_STANDARD_LIBRARIES = YES;
				CODE_SIGN_STYLE = Automatic;
				INFOPLIST_FILE = "SwiftUI-MVVMUITests/Info.plist";
				LD_RUNPATH_SEARCH_PATHS = (
					"$(inherited)",
					"@executable_path/Frameworks",
					"@loader_path/Frameworks",
				);
				PRODUCT_BUNDLE_IDENTIFIER = "test.SwiftUI-MVVMUITests";
				PRODUCT_NAME = "$(TARGET_NAME)";
				SWIFT_VERSION = 5.0;
				TARGETED_DEVICE_FAMILY = "1,2";
				TEST_TARGET_NAME = "SwiftUI-MVVM";
			};
			name = Debug;
		};
		75B2AC5224DC02C900A4E6E3 /* Release */ = {
			isa = XCBuildConfiguration;
			buildSettings = {
				ALWAYS_EMBED_SWIFT_STANDARD_LIBRARIES = YES;
				CODE_SIGN_STYLE = Automatic;
				INFOPLIST_FILE = "SwiftUI-MVVMUITests/Info.plist";
				LD_RUNPATH_SEARCH_PATHS = (
					"$(inherited)",
					"@executable_path/Frameworks",
					"@loader_path/Frameworks",
				);
				PRODUCT_BUNDLE_IDENTIFIER = "test.SwiftUI-MVVMUITests";
				PRODUCT_NAME = "$(TARGET_NAME)";
				SWIFT_VERSION = 5.0;
				TARGETED_DEVICE_FAMILY = "1,2";
				TEST_TARGET_NAME = "SwiftUI-MVVM";
			};
			name = Release;
		};
/* End XCBuildConfiguration section */

/* Begin XCConfigurationList section */
		75B2AC1B24DC02C700A4E6E3 /* Build configuration list for PBXProject "SwiftUI-MVVM" */ = {
			isa = XCConfigurationList;
			buildConfigurations = (
				75B2AC4824DC02C900A4E6E3 /* Debug */,
				75B2AC4924DC02C900A4E6E3 /* Release */,
			);
			defaultConfigurationIsVisible = 0;
			defaultConfigurationName = Release;
		};
		75B2AC4A24DC02C900A4E6E3 /* Build configuration list for PBXNativeTarget "SwiftUI-MVVM" */ = {
			isa = XCConfigurationList;
			buildConfigurations = (
				75B2AC4B24DC02C900A4E6E3 /* Debug */,
				75B2AC4C24DC02C900A4E6E3 /* Release */,
			);
			defaultConfigurationIsVisible = 0;
			defaultConfigurationName = Release;
		};
		75B2AC4D24DC02C900A4E6E3 /* Build configuration list for PBXNativeTarget "SwiftUI-MVVMTests" */ = {
			isa = XCConfigurationList;
			buildConfigurations = (
				75B2AC4E24DC02C900A4E6E3 /* Debug */,
				75B2AC4F24DC02C900A4E6E3 /* Release */,
			);
			defaultConfigurationIsVisible = 0;
			defaultConfigurationName = Release;
		};
		75B2AC5024DC02C900A4E6E3 /* Build configuration list for PBXNativeTarget "SwiftUI-MVVMUITests" */ = {
			isa = XCConfigurationList;
			buildConfigurations = (
				75B2AC5124DC02C900A4E6E3 /* Debug */,
				75B2AC5224DC02C900A4E6E3 /* Release */,
			);
			defaultConfigurationIsVisible = 0;
			defaultConfigurationName = Release;
		};
/* End XCConfigurationList section */
	};
	rootObject = 75B2AC1824DC02C700A4E6E3 /* Project object */;
}
